github.com/kelseyhightower/envconfig v1.4.0 h1:Im6hONhd3pLkfDFsbRgu68RDNkGF1r3dvMUtDTo2cv8=
github.com/kelseyhightower/envconfig v1.4.0/go.mod h1:cccZRl6mQpaq41TPp5QxidR+Sa3axMbJDNb//FQX6Gg=
gopkg.in/gographics/imagick.v2 v2.6.3 h1:m1l5y3HMoYsXLRSDK3VQyK/xjPwClfH/0W7ZN73pTO4=
gopkg.in/gographics/imagick.v2 v2.6.3/go.mod h1:/QVPLV/iKdNttRKthmDkeeGg+vdHurVEPc8zkU0XgBk=
